
Microsoft Visual Studio Solution File, Format Version 12.00
# Visual Studio 15
VisualStudioVersion = 15.0.27130.2027
MinimumVisualStudioVersion = 10.0.40219.1
Project("{FAE04EC0-301F-11D3-BF4B-00C04F79EFBC}") = "ShoppingBasket", "ShoppingBasket\ShoppingBasket.csproj", "{94E13439-6CD7-4BF8-99F2-DAA12B929B94}"
EndProject
Project("{FAE04EC0-301F-11D3-BF4B-00C04F79EFBC}") = "ShoppingBasket.Tests", "ShoppingBasket.Tests\ShoppingBasket.Tests.csproj", "{9B4C0C87-BF77-4571-BA60-C7B7382D34A3}"
EndProject
Global
	GlobalSection(SolutionConfigurationPlatforms) = preSolution
		Debug|Any CPU = Debug|Any CPU
		Release|Any CPU = Release|Any CPU
	EndGlobalSection
	GlobalSection(ProjectConfigurationPlatforms) = postSolution
		{94E13439-6CD7-4BF8-99F2-DAA12B929B94}.Debug|Any CPU.ActiveCfg = Debug|Any CPU
		{94E13439-6CD7-4BF8-99F2-DAA12B929B94}.Debug|Any CPU.Build.0 = Debug|Any CPU
		{94E13439-6CD7-4BF8-99F2-DAA12B929B94}.Release|Any CPU.ActiveCfg = Release|Any CPU
		{94E13439-6CD7-4BF8-99F2-DAA12B929B94}.Release|Any CPU.Build.0 = Release|Any CPU
		{9B4C0C87-BF77-4571-BA60-C7B7382D34A3}.Debug|Any CPU.ActiveCfg = Debug|Any CPU
		{9B4C0C87-BF77-4571-BA60-C7B7382D34A3}.Debug|Any CPU.Build.0 = Debug|Any CPU
		{9B4C0C87-BF77-4571-BA60-C7B7382D34A3}.Release|Any CPU.ActiveCfg = Release|Any CPU
		{9B4C0C87-BF77-4571-BA60-C7B7382D34A3}.Release|Any CPU.Build.0 = Release|Any CPU
	EndGlobalSection
	GlobalSection(SolutionProperties) = preSolution
		HideSolutionNode = FALSE
	EndGlobalSection
	GlobalSection(ExtensibilityGlobals) = postSolution
		SolutionGuid = {BBDA4646-8FA7-4F03-957E-E7BA77DDF3A0}
	EndGlobalSection
EndGlobal
